// !$*UTF8*$!
{
	archiveVersion = 1;
	classes = {
	};
	objectVersion = 46;
	objects = {

/* Begin PBXBuildFile section */
		29A5E9821BAA907B005E3FDE /* AppDelegate.swift in Sources */ = {isa = PBXBuildFile; fileRef = 29A5E9811BAA907B005E3FDE /* AppDelegate.swift */; };
		29A5E9841BAA907B005E3FDE /* ViewController.swift in Sources */ = {isa = PBXBuildFile; fileRef = 29A5E9831BAA907B005E3FDE /* ViewController.swift */; };
		29A5E9871BAA907B005E3FDE /* Main.storyboard in Resources */ = {isa = PBXBuildFile; fileRef = 29A5E9851BAA907B005E3FDE /* Main.storyboard */; };
		29A5E98A1BAA907B005E3FDE /* TripStuff2.xcdatamodeld in Sources */ = {isa = PBXBuildFile; fileRef = 29A5E9881BAA907B005E3FDE /* TripStuff2.xcdatamodeld */; };
		29A5E98C1BAA907B005E3FDE /* Assets.xcassets in Resources */ = {isa = PBXBuildFile; fileRef = 29A5E98B1BAA907B005E3FDE /* Assets.xcassets */; };
		29A5E98F1BAA907B005E3FDE /* LaunchScreen.storyboard in Resources */ = {isa = PBXBuildFile; fileRef = 29A5E98D1BAA907B005E3FDE /* LaunchScreen.storyboard */; };
		29A5E99A1BAA907B005E3FDE /* TripStuff2Tests.swift in Sources */ = {isa = PBXBuildFile; fileRef = 29A5E9991BAA907B005E3FDE /* TripStuff2Tests.swift */; };
		29A5E9A51BAA907C005E3FDE /* TripStuff2UITests.swift in Sources */ = {isa = PBXBuildFile; fileRef = 29A5E9A41BAA907C005E3FDE /* TripStuff2UITests.swift */; };
/* End PBXBuildFile section */

/* Begin PBXContainerItemProxy section */
		29A5E9961BAA907B005E3FDE /* PBXContainerItemProxy */ = {
			isa = PBXContainerItemProxy;
			containerPortal = 29A5E9761BAA907B005E3FDE /* Project object */;
			proxyType = 1;
			remoteGlobalIDString = 29A5E97D1BAA907B005E3FDE;
			remoteInfo = TripStuff2;
		};
		29A5E9A11BAA907C005E3FDE /* PBXContainerItemProxy */ = {
			isa = PBXContainerItemProxy;
			containerPortal = 29A5E9761BAA907B005E3FDE /* Project object */;
			proxyType = 1;
			remoteGlobalIDString = 29A5E97D1BAA907B005E3FDE;
			remoteInfo = TripStuff2;
		};
/* End PBXContainerItemProxy section */

/* Begin PBXFileReference section */
		29A5E97E1BAA907B005E3FDE /* TripStuff2.app */ = {isa = PBXFileReference; explicitFileType = wrapper.application; includeInIndex = 0; path = TripStuff2.app; sourceTree = BUILT_PRODUCTS_DIR; };
		29A5E9811BAA907B005E3FDE /* AppDelegate.swift */ = {isa = PBXFileReference; lastKnownFileType = sourcecode.swift; path = AppDelegate.swift; sourceTree = "<group>"; };
		29A5E9831BAA907B005E3FDE /* ViewController.swift */ = {isa = PBXFileReference; lastKnownFileType = sourcecode.swift; path = ViewController.swift; sourceTree = "<group>"; };
		29A5E9861BAA907B005E3FDE /* Base */ = {isa = PBXFileReference; lastKnownFileType = file.storyboard; name = Base; path = Base.lproj/Main.storyboard; sourceTree = "<group>"; };
		29A5E9891BAA907B005E3FDE /* TripStuff2.xcdatamodel */ = {isa = PBXFileReference; lastKnownFileType = wrapper.xcdatamodel; path = TripStuff2.xcdatamodel; sourceTree = "<group>"; };
		29A5E98B1BAA907B005E3FDE /* Assets.xcassets */ = {isa = PBXFileReference; lastKnownFileType = folder.assetcatalog; path = Assets.xcassets; sourceTree = "<group>"; };
		29A5E98E1BAA907B005E3FDE /* Base */ = {isa = PBXFileReference; lastKnownFileType = file.storyboard; name = Base; path = Base.lproj/LaunchScreen.storyboard; sourceTree = "<group>"; };
		29A5E9901BAA907B005E3FDE /* Info.plist */ = {isa = PBXFileReference; lastKnownFileType = text.plist.xml; path = Info.plist; sourceTree = "<group>"; };
		29A5E9951BAA907B005E3FDE /* TripStuff2Tests.xctest */ = {isa = PBXFileReference; explicitFileType = wrapper.cfbundle; includeInIndex = 0; path = TripStuff2Tests.xctest; sourceTree = BUILT_PRODUCTS_DIR; };
		29A5E9991BAA907B005E3FDE /* TripStuff2Tests.swift */ = {isa = PBXFileReference; lastKnownFileType = sourcecode.swift; path = TripStuff2Tests.swift; sourceTree = "<group>"; };
		29A5E99B1BAA907B005E3FDE /* Info.plist */ = {isa = PBXFileReference; lastKnownFileType = text.plist.xml; path = Info.plist; sourceTree = "<group>"; };
		29A5E9A01BAA907C005E3FDE /* TripStuff2UITests.xctest */ = {isa = PBXFileReference; explicitFileType = wrapper.cfbundle; includeInIndex = 0; path = TripStuff2UITests.xctest; sourceTree = BUILT_PRODUCTS_DIR; };
		29A5E9A41BAA907C005E3FDE /* TripStuff2UITests.swift */ = {isa = PBXFileReference; lastKnownFileType = sourcecode.swift; path = TripStuff2UITests.swift; sourceTree = "<group>"; };
		29A5E9A61BAA907C005E3FDE /* Info.plist */ = {isa = PBXFileReference; lastKnownFileType = text.plist.xml; path = Info.plist; sourceTree = "<group>"; };
/* End PBXFileReference section */

/* Begin PBXFrameworksBuildPhase section */
		29A5E97B1BAA907B005E3FDE /* Frameworks */ = {
			isa = PBXFrameworksBuildPhase;
			buildActionMask = 2147483647;
			files = (
			);
			runOnlyForDeploymentPostprocessing = 0;
		};
		29A5E9921BAA907B005E3FDE /* Frameworks */ = {
			isa = PBXFrameworksBuildPhase;
			buildActionMask = 2147483647;
			files = (
			);
			runOnlyForDeploymentPostprocessing = 0;
		};
		29A5E99D1BAA907C005E3FDE /* Frameworks */ = {
			isa = PBXFrameworksBuildPhase;
			buildActionMask = 2147483647;
			files = (
			);
			runOnlyForDeploymentPostprocessing = 0;
		};
/* End PBXFrameworksBuildPhase section */

/* Begin PBXGroup section */
		29A5E9751BAA907B005E3FDE = {
			isa = PBXGroup;
			children = (
				29A5E9801BAA907B005E3FDE /* TripStuff2 */,
				29A5E9981BAA907B005E3FDE /* TripStuff2Tests */,
				29A5E9A31BAA907C005E3FDE /* TripStuff2UITests */,
				29A5E97F1BAA907B005E3FDE /* Products */,
			);
			sourceTree = "<group>";
		};
		29A5E97F1BAA907B005E3FDE /* Products */ = {
			isa = PBXGroup;
			children = (
				29A5E97E1BAA907B005E3FDE /* TripStuff2.app */,
				29A5E9951BAA907B005E3FDE /* TripStuff2Tests.xctest */,
				29A5E9A01BAA907C005E3FDE /* TripStuff2UITests.xctest */,
			);
			name = Products;
			sourceTree = "<group>";
		};
		29A5E9801BAA907B005E3FDE /* TripStuff2 */ = {
			isa = PBXGroup;
			children = (
				29A5E9811BAA907B005E3FDE /* AppDelegate.swift */,
				29A5E9831BAA907B005E3FDE /* ViewController.swift */,
				29A5E9851BAA907B005E3FDE /* Main.storyboard */,
				29A5E98B1BAA907B005E3FDE /* Assets.xcassets */,
				29A5E98D1BAA907B005E3FDE /* LaunchScreen.storyboard */,
				29A5E9901BAA907B005E3FDE /* Info.plist */,
				29A5E9881BAA907B005E3FDE /* TripStuff2.xcdatamodeld */,
			);
			path = TripStuff2;
			sourceTree = "<group>";
		};
		29A5E9981BAA907B005E3FDE /* TripStuff2Tests */ = {
			isa = PBXGroup;
			children = (
				29A5E9991BAA907B005E3FDE /* TripStuff2Tests.swift */,
				29A5E99B1BAA907B005E3FDE /* Info.plist */,
			);
			path = TripStuff2Tests;
			sourceTree = "<group>";
		};
		29A5E9A31BAA907C005E3FDE /* TripStuff2UITests */ = {
			isa = PBXGroup;
			children = (
				29A5E9A41BAA907C005E3FDE /* TripStuff2UITests.swift */,
				29A5E9A61BAA907C005E3FDE /* Info.plist */,
			);
			path = TripStuff2UITests;
			sourceTree = "<group>";
		};
/* End PBXGroup section */

/* Begin PBXNativeTarget section */
		29A5E97D1BAA907B005E3FDE /* TripStuff2 */ = {
			isa = PBXNativeTarget;
			buildConfigurationList = 29A5E9A91BAA907C005E3FDE /* Build configuration list for PBXNativeTarget "TripStuff2" */;
			buildPhases = (
				29A5E97A1BAA907B005E3FDE /* Sources */,
				29A5E97B1BAA907B005E3FDE /* Frameworks */,
				29A5E97C1BAA907B005E3FDE /* Resources */,
			);
			buildRules = (
			);
			dependencies = (
			);
			name = TripStuff2;
			productName = TripStuff2;
			productReference = 29A5E97E1BAA907B005E3FDE /* TripStuff2.app */;
			productType = "com.apple.product-type.application";
		};
		29A5E9941BAA907B005E3FDE /* TripStuff2Tests */ = {
			isa = PBXNativeTarget;
			buildConfigurationList = 29A5E9AC1BAA907C005E3FDE /* Build configuration list for PBXNativeTarget "TripStuff2Tests" */;
			buildPhases = (
				29A5E9911BAA907B005E3FDE /* Sources */,
				29A5E9921BAA907B005E3FDE /* Frameworks */,
				29A5E9931BAA907B005E3FDE /* Resources */,
			);
			buildRules = (
			);
			dependencies = (
				29A5E9971BAA907B005E3FDE /* PBXTargetDependency */,
			);
			name = TripStuff2Tests;
			productName = TripStuff2Tests;
			productReference = 29A5E9951BAA907B005E3FDE /* TripStuff2Tests.xctest */;
			productType = "com.apple.product-type.bundle.unit-test";
		};
		29A5E99F1BAA907C005E3FDE /* TripStuff2UITests */ = {
			isa = PBXNativeTarget;
			buildConfigurationList = 29A5E9AF1BAA907C005E3FDE /* Build configuration list for PBXNativeTarget "TripStuff2UITests" */;
			buildPhases = (
				29A5E99C1BAA907C005E3FDE /* Sources */,
				29A5E99D1BAA907C005E3FDE /* Frameworks */,
				29A5E99E1BAA907C005E3FDE /* Resources */,
			);
			buildRules = (
			);
			dependencies = (
				29A5E9A21BAA907C005E3FDE /* PBXTargetDependency */,
			);
			name = TripStuff2UITests;
			productName = TripStuff2UITests;
			productReference = 29A5E9A01BAA907C005E3FDE /* TripStuff2UITests.xctest */;
			productType = "com.apple.product-type.bundle.ui-testing";
		};
/* End PBXNativeTarget section */

/* Begin PBXProject section */
		29A5E9761BAA907B005E3FDE /* Project object */ = {
			isa = PBXProject;
			attributes = {
				LastUpgradeCheck = 0700;
				ORGANIZATIONNAME = SHAWN;
				TargetAttributes = {
					29A5E97D1BAA907B005E3FDE = {
						CreatedOnToolsVersion = 7.0;
						DevelopmentTeam = BYCVM5XZ26;
					};
					29A5E9941BAA907B005E3FDE = {
						CreatedOnToolsVersion = 7.0;
						DevelopmentTeam = BYCVM5XZ26;
						TestTargetID = 29A5E97D1BAA907B005E3FDE;
					};
					29A5E99F1BAA907C005E3FDE = {
						CreatedOnToolsVersion = 7.0;
						DevelopmentTeam = BYCVM5XZ26;
						TestTargetID = 29A5E97D1BAA907B005E3FDE;
					};
				};
			};
			buildConfigurationList = 29A5E9791BAA907B005E3FDE /* Build configuration list for PBXProject "TripStuff2" */;
			compatibilityVersion = "Xcode 3.2";
			developmentRegion = English;
			hasScannedForEncodings = 0;
			knownRegions = (
				en,
				Base,
			);
			mainGroup = 29A5E9751BAA907B005E3FDE;
			productRefGroup = 29A5E97F1BAA907B005E3FDE /* Products */;
			projectDirPath = "";
			projectRoot = "";
			targets = (
				29A5E97D1BAA907B005E3FDE /* TripStuff2 */,
				29A5E9941BAA907B005E3FDE /* TripStuff2Tests */,
				29A5E99F1BAA907C005E3FDE /* TripStuff2UITests */,
			);
		};
/* End PBXProject section */

/* Begin PBXResourcesBuildPhase section */
		29A5E97C1BAA907B005E3FDE /* Resources */ = {
			isa = PBXResourcesBuildPhase;
			buildActionMask = 2147483647;
			files = (
				29A5E98F1BAA907B005E3FDE /* LaunchScreen.storyboard in Resources */,
				29A5E98C1BAA907B005E3FDE /* Assets.xcassets in Resources */,
				29A5E9871BAA907B005E3FDE /* Main.storyboard in Resources */,
			);
			runOnlyForDeploymentPostprocessing = 0;
		};
		29A5E9931BAA907B005E3FDE /* Resources */ = {
			isa = PBXResourcesBuildPhase;
			buildActionMask = 2147483647;
			files = (
			);
			runOnlyForDeploymentPostprocessing = 0;
		};
		29A5E99E1BAA907C005E3FDE /* Resources */ = {
			isa = PBXResourcesBuildPhase;
			buildActionMask = 2147483647;
			files = (
			);
			runOnlyForDeploymentPostprocessing = 0;
		};
/* End PBXResourcesBuildPhase section */

/* Begin PBXSourcesBuildPhase section */
		29A5E97A1BAA907B005E3FDE /* Sources */ = {
			isa = PBXSourcesBuildPhase;
			buildActionMask = 2147483647;
			files = (
				29A5E9841BAA907B005E3FDE /* ViewController.swift in Sources */,
				29A5E98A1BAA907B005E3FDE /* TripStuff2.xcdatamodeld in Sources */,
				29A5E9821BAA907B005E3FDE /* AppDelegate.swift in Sources */,
			);
			runOnlyForDeploymentPostprocessing = 0;
		};
		29A5E9911BAA907B005E3FDE /* Sources */ = {
			isa = PBXSourcesBuildPhase;
			buildActionMask = 2147483647;
			files = (
				29A5E99A1BAA907B005E3FDE /* TripStuff2Tests.swift in Sources */,
			);
			runOnlyForDeploymentPostprocessing = 0;
		};
		29A5E99C1BAA907C005E3FDE /* Sources */ = {
			isa = PBXSourcesBuildPhase;
			buildActionMask = 2147483647;
			files = (
				29A5E9A51BAA907C005E3FDE /* TripStuff2UITests.swift in Sources */,
			);
			runOnlyForDeploymentPostprocessing = 0;
		};
/* End PBXSourcesBuildPhase section */

/* Begin PBXTargetDependency section */
		29A5E9971BAA907B005E3FDE /* PBXTargetDependency */ = {
			isa = PBXTargetDependency;
			target = 29A5E97D1BAA907B005E3FDE /* TripStuff2 */;
			targetProxy = 29A5E9961BAA907B005E3FDE /* PBXContainerItemProxy */;
		};
		29A5E9A21BAA907C005E3FDE /* PBXTargetDependency */ = {
			isa = PBXTargetDependency;
			target = 29A5E97D1BAA907B005E3FDE /* TripStuff2 */;
			targetProxy = 29A5E9A11BAA907C005E3FDE /* PBXContainerItemProxy */;
		};
/* End PBXTargetDependency section */

/* Begin PBXVariantGroup section */
		29A5E9851BAA907B005E3FDE /* Main.storyboard */ = {
			isa = PBXVariantGroup;
			children = (
				29A5E9861BAA907B005E3FDE /* Base */,
			);
			name = Main.storyboard;
			sourceTree = "<group>";
		};
		29A5E98D1BAA907B005E3FDE /* LaunchScreen.storyboard */ = {
			isa = PBXVariantGroup;
			children = (
				29A5E98E1BAA907B005E3FDE /* Base */,
			);
			name = LaunchScreen.storyboard;
			sourceTree = "<group>";
		};
/* End PBXVariantGroup section */

/* Begin XCBuildConfiguration section */
		29A5E9A71BAA907C005E3FDE /* Debug */ = {
			isa = XCBuildConfiguration;
			buildSettings = {
				ALWAYS_SEARCH_USER_PATHS = NO;
				CLANG_CXX_LANGUAGE_STANDARD = "gnu++0x";
				CLANG_CXX_LIBRARY = "libc++";
				CLANG_ENABLE_MODULES = YES;
				CLANG_ENABLE_OBJC_ARC = YES;
				CLANG_WARN_BOOL_CONVERSION = YES;
				CLANG_WARN_CONSTANT_CONVERSION = YES;
				CLANG_WARN_DIRECT_OBJC_ISA_USAGE = YES_ERROR;
				CLANG_WARN_EMPTY_BODY = YES;
				CLANG_WARN_ENUM_CONVERSION = YES;
				CLANG_WARN_INT_CONVERSION = YES;
				CLANG_WARN_OBJC_ROOT_CLASS = YES_ERROR;
				CLANG_WARN_UNREACHABLE_CODE = YES;
				CLANG_WARN__DUPLICATE_METHOD_MATCH = YES;
				"CODE_SIGN_IDENTITY[sdk=iphoneos*]" = "iPhone Developer";
				COPY_PHASE_STRIP = NO;
				DEBUG_INFORMATION_FORMAT = dwarf;
				ENABLE_STRICT_OBJC_MSGSEND = YES;
				ENABLE_TESTABILITY = YES;
				GCC_C_LANGUAGE_STANDARD = gnu99;
				GCC_DYNAMIC_NO_PIC = NO;
				GCC_NO_COMMON_BLOCKS = YES;
				GCC_OPTIMIZATION_LEVEL = 0;
				GCC_PREPROCESSOR_DEFINITIONS = (
					"DEBUG=1",
					"$(inherited)",
				);
				GCC_WARN_64_TO_32_BIT_CONVERSION = YES;
				GCC_WARN_ABOUT_RETURN_TYPE = YES_ERROR;
				GCC_WARN_UNDECLARED_SELECTOR = YES;
				GCC_WARN_UNINITIALIZED_AUTOS = YES_AGGRESSIVE;
				GCC_WARN_UNUSED_FUNCTION = YES;
				GCC_WARN_UNUSED_VARIABLE = YES;
				IPHONEOS_DEPLOYMENT_TARGET = 9.0;
				MTL_ENABLE_DEBUG_INFO = YES;
				ONLY_ACTIVE_ARCH = YES;
				SDKROOT = iphoneos;
				SWIFT_OPTIMIZATION_LEVEL = "-Onone";
				TARGETED_DEVICE_FAMILY = "1,2";
			};
			name = Debug;
		};
		29A5E9A81BAA907C005E3FDE /* Release */ = {
			isa = XCBuildConfiguration;
			buildSettings = {
				ALWAYS_SEARCH_USER_PATHS = NO;
				CLANG_CXX_LANGUAGE_STANDARD = "gnu++0x";
				CLANG_CXX_LIBRARY = "libc++";
				CLANG_ENABLE_MODULES = YES;
				CLANG_ENABLE_OBJC_ARC = YES;
				CLANG_WARN_BOOL_CONVERSION = YES;
				CLANG_WARN_CONSTANT_CONVERSION = YES;
				CLANG_WARN_DIRECT_OBJC_ISA_USAGE = YES_ERROR;
				CLANG_WARN_EMPTY_BODY = YES;
				CLANG_WARN_ENUM_CONVERSION = YES;
				CLANG_WARN_INT_CONVERSION = YES;
				CLANG_WARN_OBJC_ROOT_CLASS = YES_ERROR;
				CLANG_WARN_UNREACHABLE_CODE = YES;
				CLANG_WARN__DUPLICATE_METHOD_MATCH = YES;
				"CODE_SIGN_IDENTITY[sdk=iphoneos*]" = "iPhone Developer";
				COPY_PHASE_STRIP = NO;
				DEBUG_INFORMATION_FORMAT = "dwarf-with-dsym";
				ENABLE_NS_ASSERTIONS = NO;
				ENABLE_STRICT_OBJC_MSGSEND = YES;
				GCC_C_LANGUAGE_STANDARD = gnu99;
				GCC_NO_COMMON_BLOCKS = YES;
				GCC_WARN_64_TO_32_BIT_CONVERSION = YES;
				GCC_WARN_ABOUT_RETURN_TYPE = YES_ERROR;
				GCC_WARN_UNDECLARED_SELECTOR = YES;
				GCC_WARN_UNINITIALIZED_AUTOS = YES_AGGRESSIVE;
				GCC_WARN_UNUSED_FUNCTION = YES;
				GCC_WARN_UNUSED_VARIABLE = YES;
				IPHONEOS_DEPLOYMENT_TARGET = 9.0;
				MTL_ENABLE_DEBUG_INFO = NO;
				SDKROOT = iphoneos;
				TARGETED_DEVICE_FAMILY = "1,2";
				VALIDATE_PRODUCT = YES;
			};
			name = Release;
		};
		29A5E9AA1BAA907C005E3FDE /* Debug */ = {
			isa = XCBuildConfiguration;
			buildSettings = {
				ASSETCATALOG_COMPILER_APPICON_NAME = AppIcon;
				INFOPLIST_FILE = TripStuff2/Info.plist;
				LD_RUNPATH_SEARCH_PATHS = "$(inherited) @executable_path/Frameworks";
				PRODUCT_BUNDLE_IDENTIFIER = XI.TripStuff2;
				PRODUCT_NAME = "$(TARGET_NAME)";
			};
			name = Debug;
		};
		29A5E9AB1BAA907C005E3FDE /* Release */ = {
			isa = XCBuildConfiguration;
			buildSettings = {
				ASSETCATALOG_COMPILER_APPICON_NAME = AppIcon;
				INFOPLIST_FILE = TripStuff2/Info.plist;
				LD_RUNPATH_SEARCH_PATHS = "$(inherited) @executable_path/Frameworks";
				PRODUCT_BUNDLE_IDENTIFIER = XI.TripStuff2;
				PRODUCT_NAME = "$(TARGET_NAME)";
			};
			name = Release;
		};
		29A5E9AD1BAA907C005E3FDE /* Debug */ = {
			isa = XCBuildConfiguration;
			buildSettings = {
				BUNDLE_LOADER = "$(TEST_HOST)";
				INFOPLIST_FILE = TripStuff2Tests/Info.plist;
				LD_RUNPATH_SEARCH_PATHS = "$(inherited) @executable_path/Frameworks @loader_path/Frameworks";
				PRODUCT_BUNDLE_IDENTIFIER = XI.TripStuff2Tests;
				PRODUCT_NAME = "$(TARGET_NAME)";
				TEST_HOST = "$(BUILT_PRODUCTS_DIR)/TripStuff2.app/TripStuff2";
			};
			name = Debug;
		};
		29A5E9AE1BAA907C005E3FDE /* Release */ = {
			isa = XCBuildConfiguration;
			buildSettings = {
				BUNDLE_LOADER = "$(TEST_HOST)";
				INFOPLIST_FILE = TripStuff2Tests/Info.plist;
				LD_RUNPATH_SEARCH_PATHS = "$(inherited) @executable_path/Frameworks @loader_path/Frameworks";
				PRODUCT_BUNDLE_IDENTIFIER = XI.TripStuff2Tests;
				PRODUCT_NAME = "$(TARGET_NAME)";
				TEST_HOST = "$(BUILT_PRODUCTS_DIR)/TripStuff2.app/TripStuff2";
			};
			name = Release;
		};
		29A5E9B01BAA907C005E3FDE /* Debug */ = {
			isa = XCBuildConfiguration;
			buildSettings = {
				INFOPLIST_FILE = TripStuff2UITests/Info.plist;
				LD_RUNPATH_SEARCH_PATHS = "$(inherited) @executable_path/Frameworks @loader_path/Frameworks";
				PRODUCT_BUNDLE_IDENTIFIER = XI.TripStuff2UITests;
				PRODUCT_NAME = "$(TARGET_NAME)";
				TEST_TARGET_NAME = TripStuff2;
				USES_XCTRUNNER = YES;
			};
			name = Debug;
		};
		29A5E9B11BAA907C005E3FDE /* Release */ = {
			isa = XCBuildConfiguration;
			buildSettings = {
				INFOPLIST_FILE = TripStuff2UITests/Info.plist;
				LD_RUNPATH_SEARCH_PATHS = "$(inherited) @executable_path/Frameworks @loader_path/Frameworks";
				PRODUCT_BUNDLE_IDENTIFIER = XI.TripStuff2UITests;
				PRODUCT_NAME = "$(TARGET_NAME)";
				TEST_TARGET_NAME = TripStuff2;
				USES_XCTRUNNER = YES;
			};
			name = Release;
		};
/* End XCBuildConfiguration section */

/* Begin XCConfigurationList section */
		29A5E9791BAA907B005E3FDE /* Build configuration list for PBXProject "TripStuff2" */ = {
			isa = XCConfigurationList;
			buildConfigurations = (
				29A5E9A71BAA907C005E3FDE /* Debug */,
				29A5E9A81BAA907C005E3FDE /* Release */,
			);
			defaultConfigurationIsVisible = 0;
			defaultConfigurationName = Release;
		};
		29A5E9A91BAA907C005E3FDE /* Build configuration list for PBXNativeTarget "TripStuff2" */ = {
			isa = XCConfigurationList;
			buildConfigurations = (
				29A5E9AA1BAA907C005E3FDE /* Debug */,
				29A5E9AB1BAA907C005E3FDE /* Release */,
			);
			defaultConfigurationIsVisible = 0;
		};
		29A5E9AC1BAA907C005E3FDE /* Build configuration list for PBXNativeTarget "TripStuff2Tests" */ = {
			isa = XCConfigurationList;
			buildConfigurations = (
				29A5E9AD1BAA907C005E3FDE /* Debug */,
				29A5E9AE1BAA907C005E3FDE /* Release */,
			);
			defaultConfigurationIsVisible = 0;
		};
		29A5E9AF1BAA907C005E3FDE /* Build configuration list for PBXNativeTarget "TripStuff2UITests" */ = {
			isa = XCConfigurationList;
			buildConfigurations = (
				29A5E9B01BAA907C005E3FDE /* Debug */,
				29A5E9B11BAA907C005E3FDE /* Release */,
			);
			defaultConfigurationIsVisible = 0;
		};
/* End XCConfigurationList section */

/* Begin XCVersionGroup section */
		29A5E9881BAA907B005E3FDE /* TripStuff2.xcdatamodeld */ = {
			isa = XCVersionGroup;
			children = (
				29A5E9891BAA907B005E3FDE /* TripStuff2.xcdatamodel */,
			);
			currentVersion = 29A5E9891BAA907B005E3FDE /* TripStuff2.xcdatamodel */;
			path = TripStuff2.xcdatamodeld;
			sourceTree = "<group>";
			versionGroupType = wrapper.xcdatamodel;
		};
/* End XCVersionGroup section */
	};
	rootObject = 29A5E9761BAA907B005E3FDE /* Project object */;
}
